
Microsoft Visual Studio Solution File, Format Version 12.00
# Visual Studio Version 17
VisualStudioVersion = 17.8.34525.116
MinimumVisualStudioVersion = 10.0.40219.1
Project("{FAE04EC0-301F-11D3-BF4B-00C04F79EFBC}") = "EmployeeCrudAjaxJquery", "EmployeeCrudAjaxJquery\EmployeeCrudAjaxJquery.csproj", "{A9D0345D-EA6B-4056-99AA-D24D541EFD24}"
EndProject
Global
	GlobalSection(SolutionConfigurationPlatforms) = preSolution
		Debug|Any CPU = Debug|Any CPU
		Release|Any CPU = Release|Any CPU
	EndGlobalSection
	GlobalSection(ProjectConfigurationPlatforms) = postSolution
		{A9D0345D-EA6B-4056-99AA-D24D541EFD24}.Debug|Any CPU.ActiveCfg = Debug|Any CPU
		{A9D0345D-EA6B-4056-99AA-D24D541EFD24}.Debug|Any CPU.Build.0 = Debug|Any CPU
		{A9D0345D-EA6B-4056-99AA-D24D541EFD24}.Release|Any CPU.ActiveCfg = Release|Any CPU
		{A9D0345D-EA6B-4056-99AA-D24D541EFD24}.Release|Any CPU.Build.0 = Release|Any CPU
	EndGlobalSection
	GlobalSection(SolutionProperties) = preSolution
		HideSolutionNode = FALSE
	EndGlobalSection
	GlobalSection(ExtensibilityGlobals) = postSolution
		SolutionGuid = {5152AD63-A6F6-465C-803B-A77597803BEA}
	EndGlobalSection
EndGlobal
